
Microsoft Visual Studio Solution File, Format Version 12.00
# Visual Studio Version 16
VisualStudioVersion = 16.0.31205.134
MinimumVisualStudioVersion = 10.0.40219.1
Project("{8BC9CEB8-8B4A-11D0-8D11-00A0C91BC942}") = "RPG 0.0.1 Terminal VS", "RPG 0.0.1 Terminal VS.vcxproj", "{11A8F6A8-39FA-4925-B520-7EBDE5027890}"
EndProject
Global
	GlobalSection(SolutionConfigurationPlatforms) = preSolution
		Debug|x64 = Debug|x64
		Debug|x86 = Debug|x86
		Release|x64 = Release|x64
		Release|x86 = Release|x86
	EndGlobalSection
	GlobalSection(ProjectConfigurationPlatforms) = postSolution
		{11A8F6A8-39FA-4925-B520-7EBDE5027890}.Debug|x64.ActiveCfg = Debug|x64
		{11A8F6A8-39FA-4925-B520-7EBDE5027890}.Debug|x64.Build.0 = Debug|x64
		{11A8F6A8-39FA-4925-B520-7EBDE5027890}.Debug|x86.ActiveCfg = Debug|Win32
		{11A8F6A8-39FA-4925-B520-7EBDE5027890}.Debug|x86.Build.0 = Debug|Win32
		{11A8F6A8-39FA-4925-B520-7EBDE5027890}.Release|x64.ActiveCfg = Release|x64
		{11A8F6A8-39FA-4925-B520-7EBDE5027890}.Release|x64.Build.0 = Release|x64
		{11A8F6A8-39FA-4925-B520-7EBDE5027890}.Release|x86.ActiveCfg = Release|Win32
		{11A8F6A8-39FA-4925-B520-7EBDE5027890}.Release|x86.Build.0 = Release|Win32
	EndGlobalSection
	GlobalSection(SolutionProperties) = preSolution
		HideSolutionNode = FALSE
	EndGlobalSection
	GlobalSection(ExtensibilityGlobals) = postSolution
		SolutionGuid = {851CD477-1357-4742-A946-1B02A950690C}
	EndGlobalSection
EndGlobal
